{
  "name": "@askalf/redstamp",
  "version": "0.6.0",
  "lockfileVersion": 3,
  "requires": true,
  "packages": {
    "": {
      "name": "@askalf/redstamp",
      "version": "0.6.0",
      "license": "MIT",
      "bin": {
        "redstamp": "src/cli.mjs",
        "redstamp-hook": "src/cc-hook.mjs",
        "redstamp-mcp": "src/mcp-proxy-cli.mjs",
        "redstamp-serve": "src/daemon-cli.mjs",
        "warden": "src/cli.mjs",
        "warden-hook": "src/cc-hook.mjs",
        "warden-mcp": "src/mcp-proxy-cli.mjs",
        "warden-serve": "src/daemon-cli.mjs"
      },
      "engines": {
        "node": ">=20"
      }
    }
  }
}
